
Microsoft Visual Studio Solution File, Format Version 12.00
# Visual Studio Version 17
VisualStudioVersion = 17.8.34309.116
MinimumVisualStudioVersion = 10.0.40219.1
Project("{FAE04EC0-301F-11D3-BF4B-00C04F79EFBC}") = "FilmReview.WebApi", "FilmReview.WebApi.csproj", "{62D83A4D-1189-4B05-8A58-96DD9F71148D}"
EndProject
Global
	GlobalSection(SolutionConfigurationPlatforms) = preSolution
		Debug|Any CPU = Debug|Any CPU
		Release|Any CPU = Release|Any CPU
	EndGlobalSection
	GlobalSection(ProjectConfigurationPlatforms) = postSolution
		{62D83A4D-1189-4B05-8A58-96DD9F71148D}.Debug|Any CPU.ActiveCfg = Debug|Any CPU
		{62D83A4D-1189-4B05-8A58-96DD9F71148D}.Debug|Any CPU.Build.0 = Debug|Any CPU
		{62D83A4D-1189-4B05-8A58-96DD9F71148D}.Release|Any CPU.ActiveCfg = Release|Any CPU
		{62D83A4D-1189-4B05-8A58-96DD9F71148D}.Release|Any CPU.Build.0 = Release|Any CPU
	EndGlobalSection
	GlobalSection(SolutionProperties) = preSolution
		HideSolutionNode = FALSE
	EndGlobalSection
	GlobalSection(ExtensibilityGlobals) = postSolution
		SolutionGuid = {50C197DF-6D46-4903-85E6-E7BFBA93616B}
	EndGlobalSection
EndGlobal
